
Microsoft Visual Studio Solution File, Format Version 12.00
# Visual Studio Version 17
VisualStudioVersion = 17.9.34616.47
MinimumVisualStudioVersion = 10.0.40219.1
Project("{FAE04EC0-301F-11D3-BF4B-00C04F79EFBC}") = "shape", "shape.csproj", "{537FBC5B-4587-4FA8-8C13-0DC390B79A11}"
EndProject
Global
	GlobalSection(SolutionConfigurationPlatforms) = preSolution
		Debug|Any CPU = Debug|Any CPU
		Release|Any CPU = Release|Any CPU
	EndGlobalSection
	GlobalSection(ProjectConfigurationPlatforms) = postSolution
		{537FBC5B-4587-4FA8-8C13-0DC390B79A11}.Debug|Any CPU.ActiveCfg = Debug|Any CPU
		{537FBC5B-4587-4FA8-8C13-0DC390B79A11}.Debug|Any CPU.Build.0 = Debug|Any CPU
		{537FBC5B-4587-4FA8-8C13-0DC390B79A11}.Release|Any CPU.ActiveCfg = Release|Any CPU
		{537FBC5B-4587-4FA8-8C13-0DC390B79A11}.Release|Any CPU.Build.0 = Release|Any CPU
	EndGlobalSection
	GlobalSection(SolutionProperties) = preSolution
		HideSolutionNode = FALSE
	EndGlobalSection
	GlobalSection(ExtensibilityGlobals) = postSolution
		SolutionGuid = {8316B2A9-78FD-457D-AC4A-1117E6157E42}
	EndGlobalSection
EndGlobal
